
Microsoft Visual Studio Solution File, Format Version 12.00
Project("{FAE04EC0-301F-11D3-BF4B-00C04F79EFBC}") = "FE.PoC.Api", "FE.PoC.Api\FE.PoC.Api.csproj", "{C7306330-F73B-42FB-B0D3-72AEF7F22B41}"
EndProject
Project("{FAE04EC0-301F-11D3-BF4B-00C04F79EFBC}") = "FE.PoC.Tests", "FE.PoC.Tests\FE.PoC.Tests.csproj", "{8D6D3557-3196-4518-A369-6E05FA5FDA61}"
EndProject
Global
	GlobalSection(SolutionConfigurationPlatforms) = preSolution
		Debug|Any CPU = Debug|Any CPU
		Release|Any CPU = Release|Any CPU
	EndGlobalSection
	GlobalSection(ProjectConfigurationPlatforms) = postSolution
		{C7306330-F73B-42FB-B0D3-72AEF7F22B41}.Debug|Any CPU.ActiveCfg = Debug|Any CPU
		{C7306330-F73B-42FB-B0D3-72AEF7F22B41}.Debug|Any CPU.Build.0 = Debug|Any CPU
		{C7306330-F73B-42FB-B0D3-72AEF7F22B41}.Release|Any CPU.ActiveCfg = Release|Any CPU
		{C7306330-F73B-42FB-B0D3-72AEF7F22B41}.Release|Any CPU.Build.0 = Release|Any CPU
		{8D6D3557-3196-4518-A369-6E05FA5FDA61}.Debug|Any CPU.ActiveCfg = Debug|Any CPU
		{8D6D3557-3196-4518-A369-6E05FA5FDA61}.Debug|Any CPU.Build.0 = Debug|Any CPU
		{8D6D3557-3196-4518-A369-6E05FA5FDA61}.Release|Any CPU.ActiveCfg = Release|Any CPU
		{8D6D3557-3196-4518-A369-6E05FA5FDA61}.Release|Any CPU.Build.0 = Release|Any CPU
	EndGlobalSection
EndGlobal
